
Microsoft Visual Studio Solution File, Format Version 12.00
# Visual Studio Version 16
VisualStudioVersion = 16.0.30711.63
MinimumVisualStudioVersion = 10.0.40219.1
Project("{9A19103F-16F7-4668-BE54-9A1E7A4F7556}") = "AspNetCore.Honeypot", "AspNetCore.Honeypot.csproj", "{D5FD3F6F-BB1C-4A48-A6D2-DCD1362AEE0B}"
EndProject
Global
	GlobalSection(SolutionConfigurationPlatforms) = preSolution
		Debug|Any CPU = Debug|Any CPU
		Release|Any CPU = Release|Any CPU
	EndGlobalSection
	GlobalSection(ProjectConfigurationPlatforms) = postSolution
		{D5FD3F6F-BB1C-4A48-A6D2-DCD1362AEE0B}.Debug|Any CPU.ActiveCfg = Debug|Any CPU
		{D5FD3F6F-BB1C-4A48-A6D2-DCD1362AEE0B}.Debug|Any CPU.Build.0 = Debug|Any CPU
		{D5FD3F6F-BB1C-4A48-A6D2-DCD1362AEE0B}.Release|Any CPU.ActiveCfg = Release|Any CPU
		{D5FD3F6F-BB1C-4A48-A6D2-DCD1362AEE0B}.Release|Any CPU.Build.0 = Release|Any CPU
	EndGlobalSection
	GlobalSection(SolutionProperties) = preSolution
		HideSolutionNode = FALSE
	EndGlobalSection
	GlobalSection(ExtensibilityGlobals) = postSolution
		SolutionGuid = {56BAC939-FE07-47B4-B891-1CA7CCCB6971}
	EndGlobalSection
EndGlobal
