
Microsoft Visual Studio Solution File, Format Version 12.00
# Visual Studio Version 16
VisualStudioVersion = 16.0.30711.63
MinimumVisualStudioVersion = 10.0.40219.1
Project("{9A19103F-16F7-4668-BE54-9A1E7A4F7556}") = "AspNetCore.Honeypot", "AspNetCore.Honeypot\AspNetCore.Honeypot.csproj", "{2E01B4DC-8D8A-477A-B9BC-D7829F1C520D}"
EndProject
Global
	GlobalSection(SolutionConfigurationPlatforms) = preSolution
		Debug|Any CPU = Debug|Any CPU
		Release|Any CPU = Release|Any CPU
	EndGlobalSection
	GlobalSection(ProjectConfigurationPlatforms) = postSolution
		{2E01B4DC-8D8A-477A-B9BC-D7829F1C520D}.Debug|Any CPU.ActiveCfg = Debug|Any CPU
		{2E01B4DC-8D8A-477A-B9BC-D7829F1C520D}.Debug|Any CPU.Build.0 = Debug|Any CPU
		{2E01B4DC-8D8A-477A-B9BC-D7829F1C520D}.Release|Any CPU.ActiveCfg = Release|Any CPU
		{2E01B4DC-8D8A-477A-B9BC-D7829F1C520D}.Release|Any CPU.Build.0 = Release|Any CPU
	EndGlobalSection
	GlobalSection(SolutionProperties) = preSolution
		HideSolutionNode = FALSE
	EndGlobalSection
	GlobalSection(ExtensibilityGlobals) = postSolution
		SolutionGuid = {66760D79-6377-46EC-8D05-D7B5FD4206D2}
	EndGlobalSection
EndGlobal
